{
  "name": "webassemblyjs-wasm-corruption",
  "version": "0.0.1",
  "lockfileVersion": 1,
  "requires": true,
  "dependencies": {
    "@webassemblyjs/ast": {
      "version": "1.6.0",
      "resolved": "https://registry.npmjs.org/@webassemblyjs/ast/-/ast-1.6.0.tgz",
      "integrity": "sha512-bv00b0j1hwO/WK3Ciuh09n8LYKx0T3jKy+qxlkfpydBC+AtJoJM4H+RxMidXFtjwp9nTbSR0k5Deixx820DZDA==",
      "requires": {
        "@webassemblyjs/helper-module-context": "1.6.0",
        "@webassemblyjs/helper-wasm-bytecode": "1.6.0",
        "@webassemblyjs/wast-parser": "1.6.0",
        "debug": "3.1.0",
        "mamacro": "0.0.3"
      }
    },
    "@webassemblyjs/floating-point-hex-parser": {
      "version": "1.6.0",
      "resolved": "https://registry.npmjs.org/@webassemblyjs/floating-point-hex-parser/-/floating-point-hex-parser-1.6.0.tgz",
      "integrity": "sha512-SdwgQOm4ZxK4AvlI4VYe2rTXeN0hwdy2jcwZJmTvTJmYKUfdCwOjpmesFlZx9Impx4fGIO1lwsh056r98NswAw=="
    },
    "@webassemblyjs/helper-api-error": {
      "version": "1.6.0",
      "resolved": "https://registry.npmjs.org/@webassemblyjs/helper-api-error/-/helper-api-error-1.6.0.tgz",
      "integrity": "sha512-3HIZj0Le8+AOSf6M+9dOaz27lBVS9yGHRoCDzGx5SBysDUHv+lAeA8Sh32mpUbXKNO3bMRARxtoFnxaz8kM1Sw=="
    },
    "@webassemblyjs/helper-buffer": {
      "version": "1.6.0",
      "resolved": "https://registry.npmjs.org/@webassemblyjs/helper-buffer/-/helper-buffer-1.6.0.tgz",
      "integrity": "sha512-4adwZLlVnWlFGtFq7N1BzELWpsIO7h3qNVa81VI1mRfQH52V0P2Ic6DR9N4/YZTo9QMXqb21vcgj+8GEEn1r1w==",
      "requires": {
        "debug": "3.1.0"
      }
    },
    "@webassemblyjs/helper-code-frame": {
      "version": "1.6.0",
      "resolved": "https://registry.npmjs.org/@webassemblyjs/helper-code-frame/-/helper-code-frame-1.6.0.tgz",
      "integrity": "sha512-YnqJ9O6d3gLTWGUzV1U7ODOU0GJW0/pzeddT+wJm0um/U0RxA+6fpZY9tX3XUwSuiIcC3Kxgi9xQ1GG8+WTuIg==",
      "requires": {
        "@webassemblyjs/wast-printer": "1.6.0"
      }
    },
    "@webassemblyjs/helper-fsm": {
      "version": "1.6.0",
      "resolved": "https://registry.npmjs.org/@webassemblyjs/helper-fsm/-/helper-fsm-1.6.0.tgz",
      "integrity": "sha512-TxOXpkXjT37NDW9tsGPjHEZFd9q9SMXkccjdH9vkgmEQZS5jHKxq6qA2qV1MdpRpA7L+AgzhCjzjZoRgRBeasw=="
    },
    "@webassemblyjs/helper-module-context": {
      "version": "1.6.0",
      "resolved": "https://registry.npmjs.org/@webassemblyjs/helper-module-context/-/helper-module-context-1.6.0.tgz",
      "integrity": "sha512-RY3DY0mbbSfskKAHUfJ0j3dBvOCLLlVXqM4a2iEkhf3bq2j79O2TJ1et7YYxG/CdaTtsFj+iKncKk3Cs9/Ti9A==",
      "requires": {
        "debug": "3.1.0",
        "mamacro": "0.0.3"
      }
    },
    "@webassemblyjs/helper-wasm-bytecode": {
      "version": "1.6.0",
      "resolved": "https://registry.npmjs.org/@webassemblyjs/helper-wasm-bytecode/-/helper-wasm-bytecode-1.6.0.tgz",
      "integrity": "sha512-7nze55wMzusQD2cTvC8yPk3LYV0rZ7YBhO91pRC2Oytzt4gaATUBohSW71IckSvp5fs9A3kO96R6IdScSCXMUA=="
    },
    "@webassemblyjs/helper-wasm-section": {
      "version": "1.6.0",
      "resolved": "https://registry.npmjs.org/@webassemblyjs/helper-wasm-section/-/helper-wasm-section-1.6.0.tgz",
      "integrity": "sha512-0j19mzqsPbpBOFgOqHIv+x9mJglNyYyfqHNf2QzCyxbZ8jYTpmegsiqkzpwpafjyvu2I2faHZW8/FsHOOlR7WA==",
      "requires": {
        "@webassemblyjs/ast": "1.6.0",
        "@webassemblyjs/helper-buffer": "1.6.0",
        "@webassemblyjs/helper-wasm-bytecode": "1.6.0",
        "@webassemblyjs/wasm-gen": "1.6.0",
        "debug": "3.1.0"
      }
    },
    "@webassemblyjs/ieee754": {
      "version": "1.6.0",
      "resolved": "https://registry.npmjs.org/@webassemblyjs/ieee754/-/ieee754-1.6.0.tgz",
      "integrity": "sha512-aaUxEQphoNvdMBVVjezpm20aZlOhXgq6GN1+EDd4gRK0kz6/c/SKBEb827vjayHN64Brpb1ba6arfX1kRehdJw==",
      "requires": {
        "ieee754": "1.1.12"
      }
    },
    "@webassemblyjs/leb128": {
      "version": "1.6.0",
      "resolved": "https://registry.npmjs.org/@webassemblyjs/leb128/-/leb128-1.6.0.tgz",
      "integrity": "sha512-TSfojXXEHwNGPXYqDCUlougD2yX/GCU/gY0NkgSXSNcSI9Ozp8kXn37h5iRmcnNT/wRxZOIVJQlPUPuQt8MMCA==",
      "requires": {
        "long": "4.0.0"
      },
      "dependencies": {
        "long": {
          "version": "4.0.0",
          "resolved": "https://registry.npmjs.org/long/-/long-4.0.0.tgz",
          "integrity": "sha512-XsP+KhQif4bjX1kbuSiySJFNAehNxgLb6hPRGJ9QsUr8ajHkuXGdrHmFUTUUXhDwVX2R5bY4JNZEwbUiMhV+MA=="
        }
      }
    },
    "@webassemblyjs/utf8": {
      "version": "1.6.0",
      "resolved": "https://registry.npmjs.org/@webassemblyjs/utf8/-/utf8-1.6.0.tgz",
      "integrity": "sha512-K/LW/gd9OYGbYnAtnfeKNTu+dGv0GvPCddZDqVcbtzbDFIIEQcQHs42HOWPycTTiC5V0sdvzxzpLmmjomMI7lQ=="
    },
    "@webassemblyjs/wasm-edit": {
      "version": "1.6.0",
      "resolved": "https://registry.npmjs.org/@webassemblyjs/wasm-edit/-/wasm-edit-1.6.0.tgz",
      "integrity": "sha512-XnpN3wKq2XlhO88rZRTK5mCNHEbPP4kMVAtt6H3PP/YjIzQiNJwA+eyMqztlOV2YLRcsSPNit/a3f/AMX+YXsg==",
      "requires": {
        "@webassemblyjs/ast": "1.6.0",
        "@webassemblyjs/helper-buffer": "1.6.0",
        "@webassemblyjs/helper-wasm-bytecode": "1.6.0",
        "@webassemblyjs/helper-wasm-section": "1.6.0",
        "@webassemblyjs/wasm-gen": "1.6.0",
        "@webassemblyjs/wasm-opt": "1.6.0",
        "@webassemblyjs/wasm-parser": "1.6.0",
        "@webassemblyjs/wast-printer": "1.6.0",
        "debug": "3.1.0"
      }
    },
    "@webassemblyjs/wasm-gen": {
      "version": "1.6.0",
      "resolved": "https://registry.npmjs.org/@webassemblyjs/wasm-gen/-/wasm-gen-1.6.0.tgz",
      "integrity": "sha512-Od0/VEXtZPC9DykLJJ/vsJLW5AQCZlSIJvpzeRBVvO2GiwcG205H0WLuATNpgRMKKSMPMoC48BRehNEDoWW9pA==",
      "requires": {
        "@webassemblyjs/ast": "1.6.0",
        "@webassemblyjs/helper-wasm-bytecode": "1.6.0",
        "@webassemblyjs/ieee754": "1.6.0",
        "@webassemblyjs/leb128": "1.6.0",
        "@webassemblyjs/utf8": "1.6.0"
      }
    },
    "@webassemblyjs/wasm-opt": {
      "version": "1.6.0",
      "resolved": "https://registry.npmjs.org/@webassemblyjs/wasm-opt/-/wasm-opt-1.6.0.tgz",
      "integrity": "sha512-hxT/W7W91987S7PG+pk22YLxvDYiskHLafy/rvoScoSzDfeqG81JSFsG+P1hV7jQOMaC4I8a0goqt+kSUw905w==",
      "requires": {
        "@webassemblyjs/ast": "1.6.0",
        "@webassemblyjs/helper-buffer": "1.6.0",
        "@webassemblyjs/wasm-gen": "1.6.0",
        "@webassemblyjs/wasm-parser": "1.6.0",
        "debug": "3.1.0"
      }
    },
    "@webassemblyjs/wasm-parser": {
      "version": "1.6.0",
      "resolved": "https://registry.npmjs.org/@webassemblyjs/wasm-parser/-/wasm-parser-1.6.0.tgz",
      "integrity": "sha512-lVevOmYhZ15SbhDWcdjQ3Ev1c6yMtO+TpgbH6sG7T+7svnXeKKq6MD60I7xCeNKSR/zyPTHcFEu8mxje6X30ZQ==",
      "requires": {
        "@webassemblyjs/ast": "1.6.0",
        "@webassemblyjs/helper-api-error": "1.6.0",
        "@webassemblyjs/helper-wasm-bytecode": "1.6.0",
        "@webassemblyjs/ieee754": "1.6.0",
        "@webassemblyjs/leb128": "1.6.0",
        "@webassemblyjs/utf8": "1.6.0"
      }
    },
    "@webassemblyjs/wast-parser": {
      "version": "1.6.0",
      "resolved": "https://registry.npmjs.org/@webassemblyjs/wast-parser/-/wast-parser-1.6.0.tgz",
      "integrity": "sha512-FElV5Ya35H325Y5W4d2M//l3Dncy0sen34Go65RQi6HBTJJ1Go8aP49n9LA+dO3RFx70T8iVjbPfysg42rUduQ==",
      "requires": {
        "@webassemblyjs/ast": "1.6.0",
        "@webassemblyjs/floating-point-hex-parser": "1.6.0",
        "@webassemblyjs/helper-api-error": "1.6.0",
        "@webassemblyjs/helper-code-frame": "1.6.0",
        "@webassemblyjs/helper-fsm": "1.6.0",
        "long": "3.2.0",
        "mamacro": "0.0.3"
      }
    },
    "@webassemblyjs/wast-printer": {
      "version": "1.6.0",
      "resolved": "https://registry.npmjs.org/@webassemblyjs/wast-printer/-/wast-printer-1.6.0.tgz",
      "integrity": "sha512-1ey2ro7coz7Ee+qBBUXN+3r2nWOnbXRs/dmCbRuQYXNpxoF/D6y1PRiIJc/p9S8KSuRJjEN7xoqRIm/u+Y7fEw==",
      "requires": {
        "@webassemblyjs/ast": "1.6.0",
        "@webassemblyjs/wast-parser": "1.6.0",
        "long": "3.2.0"
      }
    },
    "debug": {
      "version": "3.1.0",
      "resolved": "https://registry.npmjs.org/debug/-/debug-3.1.0.tgz",
      "integrity": "sha512-OX8XqP7/1a9cqkxYw2yXss15f26NKWBpDXQd0/uK/KPqdQhxbPa994hnzjcE2VqQpDslf55723cKPUOGSmMY3g==",
      "requires": {
        "ms": "2.0.0"
      }
    },
    "ieee754": {
      "version": "1.1.12",
      "resolved": "https://registry.npmjs.org/ieee754/-/ieee754-1.1.12.tgz",
      "integrity": "sha512-GguP+DRY+pJ3soyIiGPTvdiVXjZ+DbXOxGpXn3eMvNW4x4irjqXm4wHKscC+TfxSJ0yw/S1F24tqdMNsMZTiLA=="
    },
    "long": {
      "version": "3.2.0",
      "resolved": "https://registry.npmjs.org/long/-/long-3.2.0.tgz",
      "integrity": "sha1-2CG3E4yhy1gcFymQ7xTbIAtcR0s="
    },
    "mamacro": {
      "version": "0.0.3",
      "resolved": "https://registry.npmjs.org/mamacro/-/mamacro-0.0.3.tgz",
      "integrity": "sha512-qMEwh+UujcQ+kbz3T6V+wAmO2U8veoq2w+3wY8MquqwVA3jChfwY+Tk52GZKDfACEPjuZ7r2oJLejwpt8jtwTA=="
    },
    "ms": {
      "version": "2.0.0",
      "resolved": "https://registry.npmjs.org/ms/-/ms-2.0.0.tgz",
      "integrity": "sha1-VgiurfwAvmwpAd9fmGF4jeDVl8g="
    }
  }
}
