{
  "name": "webassemblyjs-wasm-corruption",
  "version": "0.0.1",
  "lockfileVersion": 1,
  "requires": true,
  "dependencies": {
    "@webassemblyjs/ast": {
      "version": "1.5.12",
      "resolved": "https://registry.npmjs.org/@webassemblyjs/ast/-/ast-1.5.12.tgz",
      "integrity": "sha512-bmTBEKuuhSU6dC95QIW250xO769cdYGx9rWn3uBLTw2pUpud0Z5kVuMw9m9fqbNzGeuOU2HpyuZa+yUt2CTEDA==",
      "requires": {
        "@webassemblyjs/helper-module-context": "1.5.12",
        "@webassemblyjs/helper-wasm-bytecode": "1.5.12",
        "@webassemblyjs/wast-parser": "1.5.12",
        "debug": "3.1.0",
        "mamacro": "0.0.3"
      }
    },
    "@webassemblyjs/floating-point-hex-parser": {
      "version": "1.5.12",
      "resolved": "https://registry.npmjs.org/@webassemblyjs/floating-point-hex-parser/-/floating-point-hex-parser-1.5.12.tgz",
      "integrity": "sha512-epTvkdwOIPpTE9edHS+V+shetYzpTbd91XOzUli1zAS0+NSgSe6ZsNggIqUNzhma1s4bN2f/m8c6B1NMdCERAg=="
    },
    "@webassemblyjs/helper-api-error": {
      "version": "1.5.12",
      "resolved": "https://registry.npmjs.org/@webassemblyjs/helper-api-error/-/helper-api-error-1.5.12.tgz",
      "integrity": "sha512-Goxag86JvLq8ucHLXFNSLYzf9wrR+CJr37DsESTAzSnGoqDTgw5eqiXSQVd/D9Biih7+DIn8UIQCxMs8emRRwg=="
    },
    "@webassemblyjs/helper-buffer": {
      "version": "1.5.12",
      "resolved": "https://registry.npmjs.org/@webassemblyjs/helper-buffer/-/helper-buffer-1.5.12.tgz",
      "integrity": "sha512-tJNUjttL5CxiiS/KLxT4/Zk0Nbl/poFhztFxktb46zoQEUWaGHR9ZJ0SnvE7DbFX5PY5JNJDMZ0Li4lm246fWw==",
      "requires": {
        "debug": "3.1.0"
      }
    },
    "@webassemblyjs/helper-code-frame": {
      "version": "1.5.12",
      "resolved": "https://registry.npmjs.org/@webassemblyjs/helper-code-frame/-/helper-code-frame-1.5.12.tgz",
      "integrity": "sha512-0FrJgiST+MQDMvPigzs+UIk1vslLIqGadkEWdn53Lr0NsUC2JbheG9QaO3Zf6ycK2JwsHiUpGaMFcHYXStTPMA==",
      "requires": {
        "@webassemblyjs/wast-printer": "1.5.12"
      }
    },
    "@webassemblyjs/helper-fsm": {
      "version": "1.5.12",
      "resolved": "https://registry.npmjs.org/@webassemblyjs/helper-fsm/-/helper-fsm-1.5.12.tgz",
      "integrity": "sha512-QBHZ45VPUJ7UyYKvUFoaxrSS9H5hbkC9U7tdWgFHmnTMutkXSEgDg2gZg3I/QTsiKOCIwx4qJUJwPd7J4D5CNQ=="
    },
    "@webassemblyjs/helper-module-context": {
      "version": "1.5.12",
      "resolved": "https://registry.npmjs.org/@webassemblyjs/helper-module-context/-/helper-module-context-1.5.12.tgz",
      "integrity": "sha512-SCXR8hPI4JOG3cdy9HAO8W5/VQ68YXG/Hfs7qDf1cd64zWuMNshyEour5NYnLMVkrrtc0XzfVS/MdeV94woFHA==",
      "requires": {
        "debug": "3.1.0",
        "mamacro": "0.0.3"
      }
    },
    "@webassemblyjs/helper-wasm-bytecode": {
      "version": "1.5.12",
      "resolved": "https://registry.npmjs.org/@webassemblyjs/helper-wasm-bytecode/-/helper-wasm-bytecode-1.5.12.tgz",
      "integrity": "sha512-0Gz5lQcyvElNVbOTKwjEmIxGwdWf+zpAW/WGzGo95B7IgMEzyyfZU+PrGHDwiSH9c0knol9G7smQnY0ljrSA6g=="
    },
    "@webassemblyjs/helper-wasm-section": {
      "version": "1.5.12",
      "resolved": "https://registry.npmjs.org/@webassemblyjs/helper-wasm-section/-/helper-wasm-section-1.5.12.tgz",
      "integrity": "sha512-ge/CKVKBGpiJhFN9PIOQ7sPtGYJhxm/mW1Y3SpG1L6XBunfRz0YnLjW3TmhcOEFozIVyODPS1HZ9f7VR3GBGow==",
      "requires": {
        "@webassemblyjs/ast": "1.5.12",
        "@webassemblyjs/helper-buffer": "1.5.12",
        "@webassemblyjs/helper-wasm-bytecode": "1.5.12",
        "@webassemblyjs/wasm-gen": "1.5.12",
        "debug": "3.1.0"
      }
    },
    "@webassemblyjs/ieee754": {
      "version": "1.5.12",
      "resolved": "https://registry.npmjs.org/@webassemblyjs/ieee754/-/ieee754-1.5.12.tgz",
      "integrity": "sha512-F+PEv9QBzPi1ThLBouUJbuxhEr+Sy/oua1ftXFKHiaYYS5Z9tKPvK/hgCxlSdq+RY4MSG15jU2JYb/K5pkoybg==",
      "requires": {
        "ieee754": "1.1.12"
      }
    },
    "@webassemblyjs/leb128": {
      "version": "1.5.12",
      "resolved": "https://registry.npmjs.org/@webassemblyjs/leb128/-/leb128-1.5.12.tgz",
      "integrity": "sha512-cCOx/LVGiWyCwVrVlvGmTdnwHzIP4+zflLjGkZxWpYCpdNax9krVIJh1Pm7O86Ox/c5PrJpbvZU1cZLxndlPEw==",
      "requires": {
        "leb": "0.3.0"
      }
    },
    "@webassemblyjs/utf8": {
      "version": "1.5.12",
      "resolved": "https://registry.npmjs.org/@webassemblyjs/utf8/-/utf8-1.5.12.tgz",
      "integrity": "sha512-FX8NYQMiTRU0TfK/tJVntsi9IEKsedSsna8qtsndWVE0x3zLndugiApxdNMIOoElBV9o4j0BUqR+iwU58QfPxQ=="
    },
    "@webassemblyjs/wasm-edit": {
      "version": "1.5.12",
      "resolved": "https://registry.npmjs.org/@webassemblyjs/wasm-edit/-/wasm-edit-1.5.12.tgz",
      "integrity": "sha512-r/oZAyC4EZl0ToOYJgvj+b0X6gVEKQMLT34pNNbtvWBehQOnaSXvVUA5FIYlH8ubWjFNAFqYaVGgQTjR1yuJdQ==",
      "requires": {
        "@webassemblyjs/ast": "1.5.12",
        "@webassemblyjs/helper-buffer": "1.5.12",
        "@webassemblyjs/helper-wasm-bytecode": "1.5.12",
        "@webassemblyjs/helper-wasm-section": "1.5.12",
        "@webassemblyjs/wasm-gen": "1.5.12",
        "@webassemblyjs/wasm-opt": "1.5.12",
        "@webassemblyjs/wasm-parser": "1.5.12",
        "@webassemblyjs/wast-printer": "1.5.12",
        "debug": "3.1.0"
      }
    },
    "@webassemblyjs/wasm-gen": {
      "version": "1.5.12",
      "resolved": "https://registry.npmjs.org/@webassemblyjs/wasm-gen/-/wasm-gen-1.5.12.tgz",
      "integrity": "sha512-LTu+cr1YRxGGiVIXWhei/35lXXEwTnQU18x4V/gE+qCSJN21QcVTMjJuasTUh8WtmBZtOlqJbOQIeN7fGnHWhg==",
      "requires": {
        "@webassemblyjs/ast": "1.5.12",
        "@webassemblyjs/helper-wasm-bytecode": "1.5.12",
        "@webassemblyjs/ieee754": "1.5.12",
        "@webassemblyjs/leb128": "1.5.12",
        "@webassemblyjs/utf8": "1.5.12"
      }
    },
    "@webassemblyjs/wasm-opt": {
      "version": "1.5.12",
      "resolved": "https://registry.npmjs.org/@webassemblyjs/wasm-opt/-/wasm-opt-1.5.12.tgz",
      "integrity": "sha512-LBwG5KPA9u/uigZVyTsDpS3CVxx3AePCnTItVL+OPkRCp5LqmLsOp4a3/c5CQE0Lecm0Ss9hjUTDcbYFZkXlfQ==",
      "requires": {
        "@webassemblyjs/ast": "1.5.12",
        "@webassemblyjs/helper-buffer": "1.5.12",
        "@webassemblyjs/wasm-gen": "1.5.12",
        "@webassemblyjs/wasm-parser": "1.5.12",
        "debug": "3.1.0"
      }
    },
    "@webassemblyjs/wasm-parser": {
      "version": "1.5.12",
      "resolved": "https://registry.npmjs.org/@webassemblyjs/wasm-parser/-/wasm-parser-1.5.12.tgz",
      "integrity": "sha512-xset3+1AtoFYEfMg30nzCGBnhKmTBzbIKvMyLhqJT06TvYV+kA884AOUpUvhSmP6XPF3G+HVZPm/PbCGxH4/VQ==",
      "requires": {
        "@webassemblyjs/ast": "1.5.12",
        "@webassemblyjs/helper-api-error": "1.5.12",
        "@webassemblyjs/helper-wasm-bytecode": "1.5.12",
        "@webassemblyjs/ieee754": "1.5.12",
        "@webassemblyjs/leb128": "1.5.12",
        "@webassemblyjs/utf8": "1.5.12"
      }
    },
    "@webassemblyjs/wast-parser": {
      "version": "1.5.12",
      "resolved": "https://registry.npmjs.org/@webassemblyjs/wast-parser/-/wast-parser-1.5.12.tgz",
      "integrity": "sha512-QWUtzhvfY7Ue9GlJ3HeOB6w5g9vNYUUnG+Y96TWPkFHJTxZlcvGfNrUoACCw6eDb9gKaHrjt77aPq41a7y8svg==",
      "requires": {
        "@webassemblyjs/ast": "1.5.12",
        "@webassemblyjs/floating-point-hex-parser": "1.5.12",
        "@webassemblyjs/helper-api-error": "1.5.12",
        "@webassemblyjs/helper-code-frame": "1.5.12",
        "@webassemblyjs/helper-fsm": "1.5.12",
        "long": "3.2.0",
        "mamacro": "0.0.3"
      }
    },
    "@webassemblyjs/wast-printer": {
      "version": "1.5.12",
      "resolved": "https://registry.npmjs.org/@webassemblyjs/wast-printer/-/wast-printer-1.5.12.tgz",
      "integrity": "sha512-XF9RTeckFgDyl196uRKZWHFFfbkzsMK96QTXp+TC0R9gsV9DMiDGMSIllgy/WdrZ3y3dsQp4fTA5r4GoaOBchA==",
      "requires": {
        "@webassemblyjs/ast": "1.5.12",
        "@webassemblyjs/wast-parser": "1.5.12",
        "long": "3.2.0"
      }
    },
    "debug": {
      "version": "3.1.0",
      "resolved": "https://registry.npmjs.org/debug/-/debug-3.1.0.tgz",
      "integrity": "sha512-OX8XqP7/1a9cqkxYw2yXss15f26NKWBpDXQd0/uK/KPqdQhxbPa994hnzjcE2VqQpDslf55723cKPUOGSmMY3g==",
      "requires": {
        "ms": "2.0.0"
      }
    },
    "ieee754": {
      "version": "1.1.12",
      "resolved": "https://registry.npmjs.org/ieee754/-/ieee754-1.1.12.tgz",
      "integrity": "sha512-GguP+DRY+pJ3soyIiGPTvdiVXjZ+DbXOxGpXn3eMvNW4x4irjqXm4wHKscC+TfxSJ0yw/S1F24tqdMNsMZTiLA=="
    },
    "leb": {
      "version": "0.3.0",
      "resolved": "https://registry.npmjs.org/leb/-/leb-0.3.0.tgz",
      "integrity": "sha1-Mr7p+tFoMo1q6oUi2DP0GA7tHaM="
    },
    "long": {
      "version": "3.2.0",
      "resolved": "https://registry.npmjs.org/long/-/long-3.2.0.tgz",
      "integrity": "sha1-2CG3E4yhy1gcFymQ7xTbIAtcR0s="
    },
    "mamacro": {
      "version": "0.0.3",
      "resolved": "https://registry.npmjs.org/mamacro/-/mamacro-0.0.3.tgz",
      "integrity": "sha512-qMEwh+UujcQ+kbz3T6V+wAmO2U8veoq2w+3wY8MquqwVA3jChfwY+Tk52GZKDfACEPjuZ7r2oJLejwpt8jtwTA=="
    },
    "ms": {
      "version": "2.0.0",
      "resolved": "https://registry.npmjs.org/ms/-/ms-2.0.0.tgz",
      "integrity": "sha1-VgiurfwAvmwpAd9fmGF4jeDVl8g="
    }
  }
}
